{
    "_meta": {
        "hash": {
            "sha256": "5c6dbbdcc420e2a1bafe04a7599ed51a59cd701a5937663a4ac88c534915a47d"
        },
        "pipfile-spec": 6,
        "requires": {
            "python_version": "3.9"
        },
        "sources": [
            {
                "name": "pypi",
                "url": "https://pypi.python.org/simple",
                "verify_ssl": true
            }
        ]
    },
    "default": {
        "attrs": {
            "hashes": [
                "sha256:149e90d6d8ac20db7a955ad60cf0e6881a3f20d37096140088356da6c716b0b1",
                "sha256:ef6aaac3ca6cd92904cdd0d83f629a15f18053ec84e6432106f7a4d04ae4f5fb"
            ],
            "markers": "python_version >= '2.7' and python_version not in '3.0, 3.1, 3.2, 3.3, 3.4'",
            "version": "==21.2.0"
        },
        "aws-cdk.assets": {
            "hashes": [
                "sha256:aa004be6bbbac41d3447cb7958f956fd9e728de26dfa346106c0904503eab1ba",
                "sha256:db41131720505f95c9df933ba23e2ab32c49726e76a1beb0c2cde442f29cf0cf"
            ],
            "markers": "python_version >= '3.6'",
            "version": "==1.123.0"
        },
        "aws-cdk.aws-apigateway": {
            "hashes": [
                "sha256:8833234e2ad32bdfd684c88a55e5677845c5e8762110814facbf1ed507a22107",
                "sha256:b5f08c34cbdbcc770cc9b56ad99a9c121c3bfa74db20fe733b622182db43a2e5"
            ],
            "markers": "python_version >= '3.6'",
            "version": "==1.123.0"
        },
        "aws-cdk.aws-applicationautoscaling": {
            "hashes": [
                "sha256:694517a9da48cfdfd531b0f4f65c715fc40848afd6a79866f0e1fa0767497a54",
                "sha256:82ab88f63edcecaf9f6e61b16989c8c8ac105c4949ea378807b5841236cfce73"
            ],
            "markers": "python_version >= '3.6'",
            "version": "==1.123.0"
        },
        "aws-cdk.aws-autoscaling": {
            "hashes": [
                "sha256:b642e87ae508f86fb608ac64dc66c869e1dc214ae3cc4bc69b8ef16a15d4fdef",
                "sha256:e890a4d58fbe4fec4d29cefe93d450150a92cbef58f3c5a0e30727f705143d7c"
            ],
            "markers": "python_version >= '3.6'",
            "version": "==1.123.0"
        },
        "aws-cdk.aws-autoscaling-common": {
            "hashes": [
                "sha256:3c427af319fcea4f9de5defd7b8289dbb9802a847b3ba48ce3231e294f403c12",
                "sha256:4dfca4e8b73ed2e6a8487d6063972f6f8ae8e35f8c0903e57a8365bfc9d81f89"
            ],
            "markers": "python_version >= '3.6'",
            "version": "==1.123.0"
        },
        "aws-cdk.aws-autoscaling-hooktargets": {
            "hashes": [
                "sha256:3dbf8612440c335ff27d968aa00582c6d97b00041c8ed9d769a7787b953c8b7c",
                "sha256:7f684614b3b8ad7d1f495da118b46ef0541ff60d2f0ca702478340dfec0f2c2d"
            ],
            "markers": "python_version >= '3.6'",
            "version": "==1.123.0"
        },
        "aws-cdk.aws-certificatemanager": {
            "hashes": [
                "sha256:195e5672a743f56a4a5f0306801d89207a3f247ff804bcb147abf8095b02afb1",
                "sha256:96d7e609d9cdeb9d10f5d4c93e7dcd64f9f326eb2d9d9f42debcc1caa557a093"
            ],
            "markers": "python_version >= '3.6'",
            "version": "==1.123.0"
        },
        "aws-cdk.aws-cloudformation": {
            "hashes": [
                "sha256:71dc721ff699407f119a90d9a542eb829086e66ae9658bd2dc94c050c3f71165",
                "sha256:d9edbc9a7ecc3c3a00a27866e9bb495495577ac80650329fc285b0ac392d4d5f"
            ],
            "markers": "python_version >= '3.6'",
            "version": "==1.123.0"
        },
        "aws-cdk.aws-cloudfront": {
            "hashes": [
                "sha256:65935b2aba7fefeab21d6b11fa1bdc9ba509631173fd2a312d490eeb9e3f741e",
                "sha256:f51a5cc777d0d632e80c0a9be10fad4cd270c1271fc2065ab40414e77635e3d1"
            ],
            "markers": "python_version >= '3.6'",
            "version": "==1.123.0"
        },
        "aws-cdk.aws-cloudwatch": {
            "hashes": [
                "sha256:374841188e63552d54427a9fe8b5eff00d41a4c49b21ebf7202534434861a0be",
                "sha256:cf6e6ccbc7af36be2bc923c1316f88ee81276c5c93c7843dd7916a08189b80d0"
            ],
            "markers": "python_version >= '3.6'",
            "version": "==1.123.0"
        },
        "aws-cdk.aws-codebuild": {
            "hashes": [
                "sha256:61e9f01f5eb5b576ce0b9b9857905f67ef139ac172dee8efe3d3e2a0d112a834",
                "sha256:9b36dcef16f75a19abcfab0a5083118e329838ef0f67caea8bf64ac5e47c9e17"
            ],
            "markers": "python_version >= '3.6'",
            "version": "==1.123.0"
        },
        "aws-cdk.aws-codecommit": {
            "hashes": [
                "sha256:8ec87a4babff837b42b1e6b788b2144dfce7364125a642a764752869f12dc0f2",
                "sha256:d95674bde5dd1e7487f8f4d08ff0b125afd6d5eea764165eaf251ad7bda63124"
            ],
            "markers": "python_version >= '3.6'",
            "version": "==1.123.0"
        },
        "aws-cdk.aws-codeguruprofiler": {
            "hashes": [
                "sha256:3699f16ee7ef6faa340371bec5497675452299cd9da1f042ed18770fbffbe280",
                "sha256:6d28a3c36839801d346a677c88a4288b7ee169d6c281c890e678ad2053ff08d8"
            ],
            "markers": "python_version >= '3.6'",
            "version": "==1.123.0"
        },
        "aws-cdk.aws-codepipeline": {
            "hashes": [
                "sha256:6209c8966689ce9367f84b4447f9e688db3d4177597897dd175108f4f1215ec3",
                "sha256:dad709f139757a86cc85867b3e6e18eadbfb34251aa765b67634cb27f62104cb"
            ],
            "markers": "python_version >= '3.6'",
            "version": "==1.123.0"
        },
        "aws-cdk.aws-codestarnotifications": {
            "hashes": [
                "sha256:b2b884fb119d2b15a90f5665cb5726eb11dea98f1a1d42c190a9e39fdd730dac",
                "sha256:c40ad7644cdb64651e777ac55068ec6384287231b560c7b0324d99d0b4fe0e8f"
            ],
            "markers": "python_version >= '3.6'",
            "version": "==1.123.0"
        },
        "aws-cdk.aws-cognito": {
            "hashes": [
                "sha256:66ade2fe8df5996b1ef4789387e407c0f77feb5bd5ebc723f676d6f15ad63d0e",
                "sha256:f1188fe206bd2b0c5a443e9da085ad0615b9b7db016bf4b1eccbb30a568baca6"
            ],
            "markers": "python_version >= '3.6'",
            "version": "==1.123.0"
        },
        "aws-cdk.aws-ec2": {
            "hashes": [
                "sha256:77ebeda77e862a7fdc2858261acfce742ce25bd8b405b891a0239dabff4eb7d3",
                "sha256:bc7e60e8938adb752c789d5c243a40205e60d9621d92b86e7969632d8be605b8"
            ],
            "markers": "python_version >= '3.6'",
            "version": "==1.123.0"
        },
        "aws-cdk.aws-ecr": {
            "hashes": [
                "sha256:bc8a7286f2db96949a26460f4e324ca73f5577b7bd914f43278c173408ea0173",
                "sha256:f60962eacad23b165d370175ecb72468d910d7ce805ca6ddf8745c4d9c690eca"
            ],
            "index": "pypi",
            "version": "==1.123.0"
        },
        "aws-cdk.aws-ecr-assets": {
            "hashes": [
                "sha256:28fe4f26534fbd58f6378011e023cf5474c6610ea4c636ba9e40eb33641336c0",
                "sha256:b90eb99906e5c3cbc49903e395f9c29a04ddd4bf2f4b21f8556a7b8163f2d3cb"
            ],
            "markers": "python_version >= '3.6'",
            "version": "==1.123.0"
        },
        "aws-cdk.aws-ecs": {
            "hashes": [
                "sha256:782b023b15069ed223740e54772ae32e0cb7eb110526c5deaae13d9f5563475c",
                "sha256:e3a44165870f88b649ae419e78922929ff490d3b67671ef7f6f4b1a17d8edbeb"
            ],
            "markers": "python_version >= '3.6'",
            "version": "==1.123.0"
        },
        "aws-cdk.aws-efs": {
            "hashes": [
                "sha256:3210b8c9d279f93b38f97eddce4eb39a68d0ccc5ee80782b7c886ea1a38aa44b",
                "sha256:99da762df82b0e248b95d3ae83739cc2d63526834f66498f63b41c243852f6b1"
            ],
            "markers": "python_version >= '3.6'",
            "version": "==1.123.0"
        },
        "aws-cdk.aws-elasticloadbalancing": {
            "hashes": [
                "sha256:70224de475489e007297720b9c49950fc6e79e5d8e5c91693ccd6f7b3b6838e7",
                "sha256:d6e5446eaaf5e159ba73a6416f9dd558ca74101f6b01939beeb55854fdb7b068"
            ],
            "markers": "python_version >= '3.6'",
            "version": "==1.123.0"
        },
        "aws-cdk.aws-elasticloadbalancingv2": {
            "hashes": [
                "sha256:081f97acacb2405d04813d86f06e901c533eb8105dc40978386079eae27c203c",
                "sha256:fe5bf41ec707c854885285eb8eca7b324409f4f8bf4934a553bd5249e05240fa"
            ],
            "markers": "python_version >= '3.6'",
            "version": "==1.123.0"
        },
        "aws-cdk.aws-events": {
            "hashes": [
                "sha256:3f47bf3779f17a2180e902b1e8a6b6e8c4ce9431dde8780e6a3999b5e0dc8b45",
                "sha256:a0fb4605ccee19a02ca13b2532842152ac903c1e7a499e7f2652efd2a951e3f2"
            ],
            "index": "pypi",
            "version": "==1.123.0"
        },
        "aws-cdk.aws-events-targets": {
            "hashes": [
                "sha256:543124cc09e0dcb58bd9f3808b96a38b7245bdbfcf12795d03bd4f8c148c686e",
                "sha256:b3194e5a71c277324fa33f6bad7d43c75e4f8d164df191e80469ed8cc3dfb74a"
            ],
            "index": "pypi",
            "version": "==1.123.0"
        },
        "aws-cdk.aws-globalaccelerator": {
            "hashes": [
                "sha256:366eb0dec2f334218a656842290315df03ee175188fd2938c67a39e6ea063951",
                "sha256:ad79a2469cdfa6b9a5d25f8a60a429c120d85ef8106aa4021987e0fbf25358f9"
            ],
            "markers": "python_version >= '3.6'",
            "version": "==1.123.0"
        },
        "aws-cdk.aws-iam": {
            "hashes": [
                "sha256:08be555ba818687ddd1d1c7d850f818e466e2e3385a1c3ea393c81e2e3410a5d",
                "sha256:615d7883b4ee633fd7373f2231cbe551a024887bf322bb3b3b25257029c3fd54"
            ],
            "index": "pypi",
            "version": "==1.123.0"
        },
        "aws-cdk.aws-kinesis": {
            "hashes": [
                "sha256:06f8c38759504408a2bf13c507ca2f4554ba4c0b59abb7af95a4b3d61e2db42d",
                "sha256:20fa1093775b7304820f54f5fef84ef4a489db73cc0983f59e8908c9914bc690"
            ],
            "markers": "python_version >= '3.6'",
            "version": "==1.123.0"
        },
        "aws-cdk.aws-kinesisfirehose": {
            "hashes": [
                "sha256:322e4d4b5247daf531500bd92e283030e82be5e2fbb2c2b8f2e50f99477bc3e0",
                "sha256:cccd2c83fd27af15ab2d7a92190e28181fb7d01516c6eaf4069d4a9c7fe7ac56"
            ],
            "markers": "python_version >= '3.6'",
            "version": "==1.123.0"
        },
        "aws-cdk.aws-kms": {
            "hashes": [
                "sha256:0948b4d4589ff1dcd06a82ac3e2c634ad530f0a83bbcdf34bf2b2310caa069f0",
                "sha256:13340fc87947a06a789ac8e65ee47028dce46b4c97320405f2a9708f60d074bc"
            ],
            "markers": "python_version >= '3.6'",
            "version": "==1.123.0"
        },
        "aws-cdk.aws-lambda": {
            "hashes": [
                "sha256:188f065e2184ea13835deb489ba45e9cd7968347cb53ca3b05a664c8f013aecf",
                "sha256:a4ba098808b1ff0547fc388269455f1bcd17806f8ff7caff4ad58cf06fe2e777"
            ],
            "index": "pypi",
            "version": "==1.123.0"
        },
        "aws-cdk.aws-logs": {
            "hashes": [
                "sha256:d98c6b0f2b846239c02b67713222fdceb0311e0d372d1d806d94c5fb20a7e75c",
                "sha256:fe2034939726f41b94914255eef08958c1643b7bdd1d557b87108aa07f5b9b61"
            ],
            "markers": "python_version >= '3.6'",
            "version": "==1.123.0"
        },
        "aws-cdk.aws-route53": {
            "hashes": [
                "sha256:8d4075fe4db19e03d89069f35825c848288ec4a442b6eff38638817b983d6b09",
                "sha256:c46bd299e80cf37d0ec8768b6fdfe147b4ea3f76d52adb875c7c58496145c444"
            ],
            "markers": "python_version >= '3.6'",
            "version": "==1.123.0"
        },
        "aws-cdk.aws-route53-targets": {
            "hashes": [
                "sha256:97f9a105beaabd3fc8b5d31b2cbd52d6d259aa562215ec5090de8e0889daa4e7",
                "sha256:aa1a29597af0ef159b60f3625beb1de231a58f9fb397ee7d1eedf07aa0a050e5"
            ],
            "markers": "python_version >= '3.6'",
            "version": "==1.123.0"
        },
        "aws-cdk.aws-s3": {
            "hashes": [
                "sha256:18c4f96d60154f99c9d99592d00417b08d19caa3993a3f47b350d8ec72842aff",
                "sha256:500db61b6ddbdd31777cc22cda116a8299f3f1425789e6b606ddecbb742affb8"
            ],
            "index": "pypi",
            "version": "==1.123.0"
        },
        "aws-cdk.aws-s3-assets": {
            "hashes": [
                "sha256:9ecf2ee716b7ca47327f8edfc85ec87bd1548235668c228526ce035ddfe25ee6",
                "sha256:a5468599d362d15e28d01b2450cce8a0858c06a5ca1bc03b41a700b57041e58b"
            ],
            "markers": "python_version >= '3.6'",
            "version": "==1.123.0"
        },
        "aws-cdk.aws-sam": {
            "hashes": [
                "sha256:1a7fe4a6d5ebd4dcb91573fd7ee5bff45f50e13fbe05a660efc962c7302ad6a1",
                "sha256:5bbc4317ce00ad86720ac231f808bb160ed1177c6dbe0185c60b352410b64f0e"
            ],
            "markers": "python_version >= '3.6'",
            "version": "==1.123.0"
        },
        "aws-cdk.aws-secretsmanager": {
            "hashes": [
                "sha256:5e6d699856df7023ce6a1c5ed12f2d79c3785aa78e369b9c988ddc0c8213ba1f",
                "sha256:f672df924b92972e2d57c347e9163acafe4966b20e5e8e01cbb95080fae4399c"
            ],
            "markers": "python_version >= '3.6'",
            "version": "==1.123.0"
        },
        "aws-cdk.aws-servicediscovery": {
            "hashes": [
                "sha256:4c9a0e948341c75e5006ed91f907a721b1ce061dc4cbecd11aed4eaaea995581",
                "sha256:d7225b1591a78abee215dffe2c0373479a5a3bce563b3694720aa9c9cd0357a8"
            ],
            "markers": "python_version >= '3.6'",
            "version": "==1.123.0"
        },
        "aws-cdk.aws-signer": {
            "hashes": [
                "sha256:b90109ec58f0ac0153e5c4c0c213f7eee5b3c5e1030148a652aff5532b3cd1e0",
                "sha256:e45b19b0fb389d04e4a4f362be4bac2b22e61e58434e5c7b065b0e2d8262e4d0"
            ],
            "markers": "python_version >= '3.6'",
            "version": "==1.123.0"
        },
        "aws-cdk.aws-sns": {
            "hashes": [
                "sha256:0aa96bf2873488b90446b071ddbd0e607e656e19a99ab75773f7fdc5236100d2",
                "sha256:c546205949a346b0f8d0beac0d77ef9f22d6799d7329a535f36823e96a068fa9"
            ],
            "markers": "python_version >= '3.6'",
            "version": "==1.123.0"
        },
        "aws-cdk.aws-sns-subscriptions": {
            "hashes": [
                "sha256:294ffd956f3ed51990e18e037f2daa2cec2b4d6adeccd12853c6615ad6ed3c04",
                "sha256:c98c1fe072e60db997e5ceaf9f53f519c8b8bace40760f537a0dd584d90ab785"
            ],
            "markers": "python_version >= '3.6'",
            "version": "==1.123.0"
        },
        "aws-cdk.aws-sqs": {
            "hashes": [
                "sha256:8f493da7d7e4fe6468450554d4e6fbf0f7c04bce5639c4cd9df15471e097d94a",
                "sha256:bccc5c250d2383317c843bfe4f3dc147b3e7d37dbbe3b53b0f3c5c67d34284a6"
            ],
            "markers": "python_version >= '3.6'",
            "version": "==1.123.0"
        },
        "aws-cdk.aws-ssm": {
            "hashes": [
                "sha256:0fdf84898e19bd12b40bfe46b478401b32acbfa61be0956b24021556e2982584",
                "sha256:dcad2b11c260e39e016b88366c3c0ea9f72943f9e6749e4b5f8509f00f649faa"
            ],
            "markers": "python_version >= '3.6'",
            "version": "==1.123.0"
        },
        "aws-cdk.aws-stepfunctions": {
            "hashes": [
                "sha256:f024103abda7959bc93bf2b07a8ab048ad28a1d34e95b7cf9784ffde44e4e30d",
                "sha256:f5086ebc5cf0dfcfbe98a64f9aaab8190acf0d83488704640e0c497377d91abf"
            ],
            "markers": "python_version >= '3.6'",
            "version": "==1.123.0"
        },
        "aws-cdk.cloud-assembly-schema": {
            "hashes": [
                "sha256:026fd2aa76c72b6f12a5252dc916b64285d1048938272c92901bbdcb389b40eb",
                "sha256:ec4f57c287d5550939d6e775f27e87c945f0bd0178f6f39014fce178287ddb5e"
            ],
            "markers": "python_version >= '3.6'",
            "version": "==1.123.0"
        },
        "aws-cdk.core": {
            "hashes": [
                "sha256:422201c1a3694e5ffb0a0366e2d50d679b3cb7c022f62d450d63352f4a20aaa8",
                "sha256:8c8b3f4405e1876e034abd66d4b42fee3cbf91d8eca77dab445c8aad08a931ec"
            ],
            "index": "pypi",
            "version": "==1.123.0"
        },
        "aws-cdk.custom-resources": {
            "hashes": [
                "sha256:32a0ce3121be5bbbfcb9e5bc91927be50aa02eb59b29668b9892df486b035c71",
                "sha256:ab8c31fd6b6ca05a47ee7e24a8f9600d6d1e9e7470ccae7522c42770cad76936"
            ],
            "markers": "python_version >= '3.6'",
            "version": "==1.123.0"
        },
        "aws-cdk.cx-api": {
            "hashes": [
                "sha256:da672be1c4fc4b2994ae1e6b6751a6fe9025a16abd8a74110d00c0097e24cca4",
                "sha256:f2aef7d37db34779b00c47ccb7fa2f1fb4655bab7a780373d6c41cd300fc0221"
            ],
            "markers": "python_version >= '3.6'",
            "version": "==1.123.0"
        },
        "aws-cdk.region-info": {
            "hashes": [
                "sha256:dc12d02e4ebe37c75db603b51207e88707961959c335780c7025d1c857f042bf",
                "sha256:f04137e7ee281eabe69eb928a0faf84cf2c05785cbad36bff4004a1585b05256"
            ],
            "markers": "python_version >= '3.6'",
            "version": "==1.123.0"
        },
        "cattrs": {
            "hashes": [
                "sha256:5c121ab06a7cac494813c228721a7feb5a6423b17316eeaebf13f5a03e5b0d53",
                "sha256:901fb2040529ae8fc9d93f48a2cdf7de3e983312ffb2a164ffa4e9847f253af1"
            ],
            "markers": "python_version >= '3.7'",
            "version": "==1.8.0"
        },
        "click": {
            "hashes": [
                "sha256:8c04c11192119b1ef78ea049e0a6f0463e4c48ef00a30160c704337586f3ad7a",
                "sha256:fba402a4a47334742d782209a7c79bc448911afe1149d07bdabdf480b3e2f4b6"
            ],
            "index": "pypi",
            "version": "==8.0.1"
        },
        "constructs": {
            "hashes": [
                "sha256:3ce952a708e09e634415a6ab8f39de6adcda3230474f8a8e654f10f7c2f9a71b",
                "sha256:d0c386a28447d48717875a88e0074dfee5cf987fe1b2260bc8c3809dadbadc0d"
            ],
            "markers": "python_version >= '3.6'",
            "version": "==3.3.147"
        },
        "gitdb": {
            "hashes": [
                "sha256:6c4cc71933456991da20917998acbe6cf4fb41eeaab7d6d67fbc05ecd4c865b0",
                "sha256:96bf5c08b157a666fec41129e6d327235284cca4c81e92109260f353ba138005"
            ],
            "markers": "python_version >= '3.4'",
            "version": "==4.0.7"
        },
        "gitpython": {
            "hashes": [
                "sha256:dc0a7f2f697657acc8d7f89033e8b1ea94dd90356b2983bca89dc8d2ab3cc647",
                "sha256:df83fdf5e684fef7c6ee2c02fc68a5ceb7e7e759d08b694088d0cacb4eba59e5"
            ],
            "index": "pypi",
            "version": "==3.1.24"
        },
        "jsii": {
            "hashes": [
                "sha256:d0a703d0d44bf78bb90529699599d2a58a68ca764f996808e97eafc68e2467de",
                "sha256:e72ba5fafabdd5b6a3a65bd2cf42302eb87f2fe7c6339bddb808226a91623654"
            ],
            "markers": "python_version ~= '3.6'",
            "version": "==1.34.0"
        },
        "mistune": {
            "hashes": [
                "sha256:02437870a8d594e61e4f6cff2f56f5104d17d56e3fea5fb234070ede5e7c2eae",
                "sha256:452bdba97c27efc7c1a83823ed0d6a08a9ad6ea5c67648248509f618b68aa7d9"
            ],
            "index": "pypi",
            "version": "==2.0.0rc1"
        },
        "publication": {
            "hashes": [
                "sha256:0248885351febc11d8a1098d5c8e3ab2dabcf3e8c0c96db1e17ecd12b53afbe6",
                "sha256:68416a0de76dddcdd2930d1c8ef853a743cc96c82416c4e4d3b5d901c6276dc4"
            ],
            "version": "==0.0.3"
        },
        "python-dateutil": {
            "hashes": [
                "sha256:0123cacc1627ae19ddf3c27a5de5bd67ee4586fbdd6440d9748f8abb483d3e86",
                "sha256:961d03dc3453ebbc59dbdea9e4e11c5651520a876d0f4db161e8674aae935da9"
            ],
            "markers": "python_version >= '2.7' and python_version not in '3.0, 3.1, 3.2'",
            "version": "==2.8.2"
        },
        "six": {
            "hashes": [
                "sha256:1e61c37477a1626458e36f7b1d82aa5c9b094fa4802892072e49de9c60c4c926",
                "sha256:8abb2f1d86890a2dfb989f9a77cfcfd3e47c2a354b01111771326f8aa26e0254"
            ],
            "markers": "python_version >= '2.7' and python_version not in '3.0, 3.1, 3.2'",
            "version": "==1.16.0"
        },
        "smmap": {
            "hashes": [
                "sha256:7e65386bd122d45405ddf795637b7f7d2b532e7e401d46bbe3fb49b9986d5182",
                "sha256:a9a7479e4c572e2e775c404dcd3080c8dc49f39918c2cf74913d30c4c478e3c2"
            ],
            "markers": "python_version >= '3.5'",
            "version": "==4.0.0"
        },
        "tqdm": {
            "hashes": [
                "sha256:80aead664e6c1672c4ae20dc50e1cdc5e20eeff9b14aa23ecd426375b28be588",
                "sha256:a4d6d112e507ef98513ac119ead1159d286deab17dffedd96921412c2d236ff5"
            ],
            "index": "pypi",
            "version": "==4.62.2"
        },
        "typing-extensions": {
            "hashes": [
                "sha256:49f75d16ff11f1cd258e1b988ccff82a3ca5570217d7ad8c5f48205dd99a677e",
                "sha256:d8226d10bc02a29bcc81df19a26e56a9647f8b0a6d4a83924139f4a8b01f17b7",
                "sha256:f1d25edafde516b146ecd0613dabcc61409817af4766fbbcfb8d1ad4ec441a34"
            ],
            "markers": "python_version < '3.10'",
            "version": "==3.10.0.2"
        }
    },
    "develop": {
        "appdirs": {
            "hashes": [
                "sha256:7d5d0167b2b1ba821647616af46a749d1c653740dd0d2415100fe26e27afdf41",
                "sha256:a841dacd6b99318a741b166adb07e19ee71a274450e68237b4650ca1055ab128"
            ],
            "version": "==1.4.4"
        },
        "attrs": {
            "hashes": [
                "sha256:149e90d6d8ac20db7a955ad60cf0e6881a3f20d37096140088356da6c716b0b1",
                "sha256:ef6aaac3ca6cd92904cdd0d83f629a15f18053ec84e6432106f7a4d04ae4f5fb"
            ],
            "markers": "python_version >= '2.7' and python_version not in '3.0, 3.1, 3.2, 3.3, 3.4'",
            "version": "==21.2.0"
        },
        "backports.entry-points-selectable": {
            "hashes": [
                "sha256:988468260ec1c196dab6ae1149260e2f5472c9110334e5d51adcb77867361f6a",
                "sha256:a6d9a871cde5e15b4c4a53e3d43ba890cc6861ec1332c9c2428c92f977192acc"
            ],
            "markers": "python_version >= '2.7'",
            "version": "==1.1.0"
        },
        "black": {
            "hashes": [
                "sha256:1c02557aa099101b9d21496f8a914e9ed2222ef70336404eeeac8edba836fbea"
            ],
            "index": "pypi",
            "version": "==20.8b1"
        },
        "cfgv": {
            "hashes": [
                "sha256:c6a0883f3917a037485059700b9e75da2464e6c27051014ad85ba6aaa5884426",
                "sha256:f5a830efb9ce7a445376bb66ec94c638a9787422f96264c98edc6bdeed8ab736"
            ],
            "markers": "python_full_version >= '3.6.1'",
            "version": "==3.3.1"
        },
        "click": {
            "hashes": [
                "sha256:8c04c11192119b1ef78ea049e0a6f0463e4c48ef00a30160c704337586f3ad7a",
                "sha256:fba402a4a47334742d782209a7c79bc448911afe1149d07bdabdf480b3e2f4b6"
            ],
            "index": "pypi",
            "version": "==8.0.1"
        },
        "coverage": {
            "hashes": [
                "sha256:004d1880bed2d97151facef49f08e255a20ceb6f9432df75f4eef018fdd5a78c",
                "sha256:01d84219b5cdbfc8122223b39a954820929497a1cb1422824bb86b07b74594b6",
                "sha256:040af6c32813fa3eae5305d53f18875bedd079960822ef8ec067a66dd8afcd45",
                "sha256:06191eb60f8d8a5bc046f3799f8a07a2d7aefb9504b0209aff0b47298333302a",
                "sha256:13034c4409db851670bc9acd836243aeee299949bd5673e11844befcb0149f03",
                "sha256:13c4ee887eca0f4c5a247b75398d4114c37882658300e153113dafb1d76de529",
                "sha256:184a47bbe0aa6400ed2d41d8e9ed868b8205046518c52464fde713ea06e3a74a",
                "sha256:18ba8bbede96a2c3dde7b868de9dcbd55670690af0988713f0603f037848418a",
                "sha256:1aa846f56c3d49205c952d8318e76ccc2ae23303351d9270ab220004c580cfe2",
                "sha256:217658ec7187497e3f3ebd901afdca1af062b42cfe3e0dafea4cced3983739f6",
                "sha256:24d4a7de75446be83244eabbff746d66b9240ae020ced65d060815fac3423759",
                "sha256:2910f4d36a6a9b4214bb7038d537f015346f413a975d57ca6b43bf23d6563b53",
                "sha256:2949cad1c5208b8298d5686d5a85b66aae46d73eec2c3e08c817dd3513e5848a",
                "sha256:2a3859cb82dcbda1cfd3e6f71c27081d18aa251d20a17d87d26d4cd216fb0af4",
                "sha256:2cafbbb3af0733db200c9b5f798d18953b1a304d3f86a938367de1567f4b5bff",
                "sha256:2e0d881ad471768bf6e6c2bf905d183543f10098e3b3640fc029509530091502",
                "sha256:30c77c1dc9f253283e34c27935fded5015f7d1abe83bc7821680ac444eaf7793",
                "sha256:3487286bc29a5aa4b93a072e9592f22254291ce96a9fbc5251f566b6b7343cdb",
                "sha256:372da284cfd642d8e08ef606917846fa2ee350f64994bebfbd3afb0040436905",
                "sha256:41179b8a845742d1eb60449bdb2992196e211341818565abded11cfa90efb821",
                "sha256:44d654437b8ddd9eee7d1eaee28b7219bec228520ff809af170488fd2fed3e2b",
                "sha256:4a7697d8cb0f27399b0e393c0b90f0f1e40c82023ea4d45d22bce7032a5d7b81",
                "sha256:51cb9476a3987c8967ebab3f0fe144819781fca264f57f89760037a2ea191cb0",
                "sha256:52596d3d0e8bdf3af43db3e9ba8dcdaac724ba7b5ca3f6358529d56f7a166f8b",
                "sha256:53194af30d5bad77fcba80e23a1441c71abfb3e01192034f8246e0d8f99528f3",
                "sha256:5fec2d43a2cc6965edc0bb9e83e1e4b557f76f843a77a2496cbe719583ce8184",
                "sha256:6c90e11318f0d3c436a42409f2749ee1a115cd8b067d7f14c148f1ce5574d701",
                "sha256:74d881fc777ebb11c63736622b60cb9e4aee5cace591ce274fb69e582a12a61a",
                "sha256:7501140f755b725495941b43347ba8a2777407fc7f250d4f5a7d2a1050ba8e82",
                "sha256:796c9c3c79747146ebd278dbe1e5c5c05dd6b10cc3bcb8389dfdf844f3ead638",
                "sha256:869a64f53488f40fa5b5b9dcb9e9b2962a66a87dab37790f3fcfb5144b996ef5",
                "sha256:8963a499849a1fc54b35b1c9f162f4108017b2e6db2c46c1bed93a72262ed083",
                "sha256:8d0a0725ad7c1a0bcd8d1b437e191107d457e2ec1084b9f190630a4fb1af78e6",
                "sha256:900fbf7759501bc7807fd6638c947d7a831fc9fdf742dc10f02956ff7220fa90",
                "sha256:92b017ce34b68a7d67bd6d117e6d443a9bf63a2ecf8567bb3d8c6c7bc5014465",
                "sha256:970284a88b99673ccb2e4e334cfb38a10aab7cd44f7457564d11898a74b62d0a",
                "sha256:972c85d205b51e30e59525694670de6a8a89691186012535f9d7dbaa230e42c3",
                "sha256:9a1ef3b66e38ef8618ce5fdc7bea3d9f45f3624e2a66295eea5e57966c85909e",
                "sha256:af0e781009aaf59e25c5a678122391cb0f345ac0ec272c7961dc5455e1c40066",
                "sha256:b6d534e4b2ab35c9f93f46229363e17f63c53ad01330df9f2d6bd1187e5eaacf",
                "sha256:b7895207b4c843c76a25ab8c1e866261bcfe27bfaa20c192de5190121770672b",
                "sha256:c0891a6a97b09c1f3e073a890514d5012eb256845c451bd48f7968ef939bf4ae",
                "sha256:c2723d347ab06e7ddad1a58b2a821218239249a9e4365eaff6649d31180c1669",
                "sha256:d1f8bf7b90ba55699b3a5e44930e93ff0189aa27186e96071fac7dd0d06a1873",
                "sha256:d1f9ce122f83b2305592c11d64f181b87153fc2c2bbd3bb4a3dde8303cfb1a6b",
                "sha256:d314ed732c25d29775e84a960c3c60808b682c08d86602ec2c3008e1202e3bb6",
                "sha256:d636598c8305e1f90b439dbf4f66437de4a5e3c31fdf47ad29542478c8508bbb",
                "sha256:deee1077aae10d8fa88cb02c845cfba9b62c55e1183f52f6ae6a2df6a2187160",
                "sha256:ebe78fe9a0e874362175b02371bdfbee64d8edc42a044253ddf4ee7d3c15212c",
                "sha256:f030f8873312a16414c0d8e1a1ddff2d3235655a2174e3648b4fa66b3f2f1079",
                "sha256:f0b278ce10936db1a37e6954e15a3730bea96a0997c26d7fee88e6c396c2086d",
                "sha256:f11642dddbb0253cc8853254301b51390ba0081750a8ac03f20ea8103f0c56b6"
            ],
            "markers": "python_version >= '2.7' and python_version not in '3.0, 3.1, 3.2, 3.3, 3.4' and python_version < '4'",
            "version": "==5.5"
        },
        "distlib": {
            "hashes": [
                "sha256:106fef6dc37dd8c0e2c0a60d3fca3e77460a48907f335fa28420463a6f799736",
                "sha256:23e223426b28491b1ced97dc3bbe183027419dfc7982b4fa2f05d5f3ff10711c"
            ],
            "version": "==0.3.2"
        },
        "filelock": {
            "hashes": [
                "sha256:18d82244ee114f543149c66a6e0c14e9c4f8a1044b5cdaadd0f82159d6a6ff59",
                "sha256:929b7d63ec5b7d6b71b0fa5ac14e030b3f70b75747cef1b10da9b879fef15836"
            ],
            "version": "==3.0.12"
        },
        "flake8": {
            "hashes": [
                "sha256:07528381786f2a6237b061f6e96610a4167b226cb926e2aa2b6b1d78057c576b",
                "sha256:bf8fd333346d844f616e8d47905ef3a3384edae6b4e9beb0c5101e25e3110907"
            ],
            "index": "pypi",
            "version": "==3.9.2"
        },
        "identify": {
            "hashes": [
                "sha256:528a88021749035d5a39fe2ba67c0642b8341aaf71889da0e1ed669a429b87f0",
                "sha256:de83a84d774921669774a2000bf87ebba46b4d1c04775f4a5d37deff0cf39f73"
            ],
            "markers": "python_full_version >= '3.6.1'",
            "version": "==2.2.15"
        },
        "iniconfig": {
            "hashes": [
                "sha256:011e24c64b7f47f6ebd835bb12a743f2fbe9a26d4cecaa7f53bc4f35ee9da8b3",
                "sha256:bc3af051d7d14b2ee5ef9969666def0cd1a000e121eaea580d4a313df4b37f32"
            ],
            "version": "==1.1.1"
        },
        "isort": {
            "hashes": [
                "sha256:9c2ea1e62d871267b78307fe511c0838ba0da28698c5732d54e2790bf3ba9899",
                "sha256:e17d6e2b81095c9db0a03a8025a957f334d6ea30b26f9ec70805411e5c7c81f2"
            ],
            "index": "pypi",
            "version": "==5.9.3"
        },
        "mccabe": {
            "hashes": [
                "sha256:ab8a6258860da4b6677da4bd2fe5dc2c659cff31b3ee4f7f5d64e79735b80d42",
                "sha256:dd8d182285a0fe56bace7f45b5e7d1a6ebcbf524e8f3bd87eb0f125271b8831f"
            ],
            "version": "==0.6.1"
        },
        "mypy": {
            "hashes": [
                "sha256:088cd9c7904b4ad80bec811053272986611b84221835e079be5bcad029e79dd9",
                "sha256:0aadfb2d3935988ec3815952e44058a3100499f5be5b28c34ac9d79f002a4a9a",
                "sha256:119bed3832d961f3a880787bf621634ba042cb8dc850a7429f643508eeac97b9",
                "sha256:1a85e280d4d217150ce8cb1a6dddffd14e753a4e0c3cf90baabb32cefa41b59e",
                "sha256:3c4b8ca36877fc75339253721f69603a9c7fdb5d4d5a95a1a1b899d8b86a4de2",
                "sha256:3e382b29f8e0ccf19a2df2b29a167591245df90c0b5a2542249873b5c1d78212",
                "sha256:42c266ced41b65ed40a282c575705325fa7991af370036d3f134518336636f5b",
                "sha256:53fd2eb27a8ee2892614370896956af2ff61254c275aaee4c230ae771cadd885",
                "sha256:704098302473cb31a218f1775a873b376b30b4c18229421e9e9dc8916fd16150",
                "sha256:7df1ead20c81371ccd6091fa3e2878559b5c4d4caadaf1a484cf88d93ca06703",
                "sha256:866c41f28cee548475f146aa4d39a51cf3b6a84246969f3759cb3e9c742fc072",
                "sha256:a155d80ea6cee511a3694b108c4494a39f42de11ee4e61e72bc424c490e46457",
                "sha256:adaeee09bfde366d2c13fe6093a7df5df83c9a2ba98638c7d76b010694db760e",
                "sha256:b6fb13123aeef4a3abbcfd7e71773ff3ff1526a7d3dc538f3929a49b42be03f0",
                "sha256:b94e4b785e304a04ea0828759172a15add27088520dc7e49ceade7834275bedb",
                "sha256:c0df2d30ed496a08de5daed2a9ea807d07c21ae0ab23acf541ab88c24b26ab97",
                "sha256:c6c2602dffb74867498f86e6129fd52a2770c48b7cd3ece77ada4fa38f94eba8",
                "sha256:ceb6e0a6e27fb364fb3853389607cf7eb3a126ad335790fa1e14ed02fba50811",
                "sha256:d9dd839eb0dc1bbe866a288ba3c1afc33a202015d2ad83b31e875b5905a079b6",
                "sha256:e4dab234478e3bd3ce83bac4193b2ecd9cf94e720ddd95ce69840273bf44f6de",
                "sha256:ec4e0cd079db280b6bdabdc807047ff3e199f334050db5cbb91ba3e959a67504",
                "sha256:ecd2c3fe726758037234c93df7e98deb257fd15c24c9180dacf1ef829da5f921",
                "sha256:ef565033fa5a958e62796867b1df10c40263ea9ded87164d67572834e57a174d"
            ],
            "index": "pypi",
            "version": "==0.910"
        },
        "mypy-extensions": {
            "hashes": [
                "sha256:090fedd75945a69ae91ce1303b5824f428daf5a028d2f6ab8a299250a846f15d",
                "sha256:2d82818f5bb3e369420cb3c4060a7970edba416647068eb4c5343488a6c604a8"
            ],
            "version": "==0.4.3"
        },
        "nodeenv": {
            "hashes": [
                "sha256:3ef13ff90291ba2a4a7a4ff9a979b63ffdd00a464dbe04acf0ea6471517a4c2b",
                "sha256:621e6b7076565ddcacd2db0294c0381e01fd28945ab36bcf00f41c5daf63bef7"
            ],
            "version": "==1.6.0"
        },
        "packaging": {
            "hashes": [
                "sha256:7dc96269f53a4ccec5c0670940a4281106dd0bb343f47b7471f779df49c2fbe7",
                "sha256:c86254f9220d55e31cc94d69bade760f0847da8000def4dfe1c6b872fd14ff14"
            ],
            "markers": "python_version >= '3.6'",
            "version": "==21.0"
        },
        "pathspec": {
            "hashes": [
                "sha256:7d15c4ddb0b5c802d161efc417ec1a2558ea2653c2e8ad9c19098201dc1c993a",
                "sha256:e564499435a2673d586f6b2130bb5b95f04a3ba06f81b8f895b651a3c76aabb1"
            ],
            "version": "==0.9.0"
        },
        "platformdirs": {
            "hashes": [
                "sha256:15b056538719b1c94bdaccb29e5f81879c7f7f0f4a153f46086d155dffcd4f0f",
                "sha256:8003ac87717ae2c7ee1ea5a84a1a61e87f3fbd16eb5aadba194ea30a9019f648"
            ],
            "markers": "python_version >= '3.6'",
            "version": "==2.3.0"
        },
        "pluggy": {
            "hashes": [
                "sha256:4224373bacce55f955a878bf9cfa763c1e360858e330072059e10bad68531159",
                "sha256:74134bbf457f031a36d68416e1509f34bd5ccc019f0bcc952c7b909d06b37bd3"
            ],
            "markers": "python_version >= '3.6'",
            "version": "==1.0.0"
        },
        "pre-commit": {
            "hashes": [
                "sha256:3c25add78dbdfb6a28a651780d5c311ac40dd17f160eb3954a0c59da40a505a7",
                "sha256:a4ed01000afcb484d9eb8d504272e642c4c4099bbad3a6b27e519bd6a3e928a6"
            ],
            "index": "pypi",
            "version": "==2.15.0"
        },
        "py": {
            "hashes": [
                "sha256:21b81bda15b66ef5e1a777a21c4dcd9c20ad3efd0b3f817e7a809035269e1bd3",
                "sha256:3b80836aa6d1feeaa108e046da6423ab8f6ceda6468545ae8d02d9d58d18818a"
            ],
            "markers": "python_version >= '2.7' and python_version not in '3.0, 3.1, 3.2, 3.3'",
            "version": "==1.10.0"
        },
        "pycodestyle": {
            "hashes": [
                "sha256:514f76d918fcc0b55c6680472f0a37970994e07bbb80725808c17089be302068",
                "sha256:c389c1d06bf7904078ca03399a4816f974a1d590090fecea0c63ec26ebaf1cef"
            ],
            "markers": "python_version >= '2.7' and python_version not in '3.0, 3.1, 3.2, 3.3'",
            "version": "==2.7.0"
        },
        "pyflakes": {
            "hashes": [
                "sha256:7893783d01b8a89811dd72d7dfd4d84ff098e5eed95cfa8905b22bbffe52efc3",
                "sha256:f5bc8ecabc05bb9d291eb5203d6810b49040f6ff446a756326104746cc00c1db"
            ],
            "markers": "python_version >= '2.7' and python_version not in '3.0, 3.1, 3.2, 3.3'",
            "version": "==2.3.1"
        },
        "pyparsing": {
            "hashes": [
                "sha256:c203ec8783bf771a155b207279b9bccb8dea02d8f0c9e5f8ead507bc3246ecc1",
                "sha256:ef9d7589ef3c200abe66653d3f1ab1033c3c419ae9b9bdb1240a85b024efc88b"
            ],
            "markers": "python_version >= '2.6' and python_version not in '3.0, 3.1, 3.2'",
            "version": "==2.4.7"
        },
        "pytest": {
            "hashes": [
                "sha256:131b36680866a76e6781d13f101efb86cf674ebb9762eb70d3082b6f29889e89",
                "sha256:7310f8d27bc79ced999e760ca304d69f6ba6c6649c0b60fb0e04a4a77cacc134"
            ],
            "index": "pypi",
            "version": "==6.2.5"
        },
        "pytest-cov": {
            "hashes": [
                "sha256:261bb9e47e65bd099c89c3edf92972865210c36813f80ede5277dceb77a4a62a",
                "sha256:261ceeb8c227b726249b376b8526b600f38667ee314f910353fa318caa01f4d7"
            ],
            "index": "pypi",
            "version": "==2.12.1"
        },
        "pyyaml": {
            "hashes": [
                "sha256:08682f6b72c722394747bddaf0aa62277e02557c0fd1c42cb853016a38f8dedf",
                "sha256:0f5f5786c0e09baddcd8b4b45f20a7b5d61a7e7e99846e3c799b05c7c53fa696",
                "sha256:129def1b7c1bf22faffd67b8f3724645203b79d8f4cc81f674654d9902cb4393",
                "sha256:294db365efa064d00b8d1ef65d8ea2c3426ac366c0c4368d930bf1c5fb497f77",
                "sha256:3b2b1824fe7112845700f815ff6a489360226a5609b96ec2190a45e62a9fc922",
                "sha256:3bd0e463264cf257d1ffd2e40223b197271046d09dadf73a0fe82b9c1fc385a5",
                "sha256:4465124ef1b18d9ace298060f4eccc64b0850899ac4ac53294547536533800c8",
                "sha256:49d4cdd9065b9b6e206d0595fee27a96b5dd22618e7520c33204a4a3239d5b10",
                "sha256:4e0583d24c881e14342eaf4ec5fbc97f934b999a6828693a99157fde912540cc",
                "sha256:5accb17103e43963b80e6f837831f38d314a0495500067cb25afab2e8d7a4018",
                "sha256:607774cbba28732bfa802b54baa7484215f530991055bb562efbed5b2f20a45e",
                "sha256:6c78645d400265a062508ae399b60b8c167bf003db364ecb26dcab2bda048253",
                "sha256:72a01f726a9c7851ca9bfad6fd09ca4e090a023c00945ea05ba1638c09dc3347",
                "sha256:74c1485f7707cf707a7aef42ef6322b8f97921bd89be2ab6317fd782c2d53183",
                "sha256:895f61ef02e8fed38159bb70f7e100e00f471eae2bc838cd0f4ebb21e28f8541",
                "sha256:8c1be557ee92a20f184922c7b6424e8ab6691788e6d86137c5d93c1a6ec1b8fb",
                "sha256:bb4191dfc9306777bc594117aee052446b3fa88737cd13b7188d0e7aa8162185",
                "sha256:bfb51918d4ff3d77c1c856a9699f8492c612cde32fd3bcd344af9be34999bfdc",
                "sha256:c20cfa2d49991c8b4147af39859b167664f2ad4561704ee74c1de03318e898db",
                "sha256:cb333c16912324fd5f769fff6bc5de372e9e7a202247b48870bc251ed40239aa",
                "sha256:d2d9808ea7b4af864f35ea216be506ecec180628aced0704e34aca0b040ffe46",
                "sha256:d483ad4e639292c90170eb6f7783ad19490e7a8defb3e46f97dfe4bacae89122",
                "sha256:dd5de0646207f053eb0d6c74ae45ba98c3395a571a2891858e87df7c9b9bd51b",
                "sha256:e1d4970ea66be07ae37a3c2e48b5ec63f7ba6804bdddfdbd3cfd954d25a82e63",
                "sha256:e4fac90784481d221a8e4b1162afa7c47ed953be40d31ab4629ae917510051df",
                "sha256:fa5ae20527d8e831e8230cbffd9f8fe952815b2b7dae6ffec25318803a7528fc",
                "sha256:fd7f6999a8070df521b6384004ef42833b9bd62cfee11a09bda1079b4b704247",
                "sha256:fdc842473cd33f45ff6bce46aea678a54e3d21f1b61a7750ce3c498eedfe25d6",
                "sha256:fe69978f3f768926cfa37b867e3843918e012cf83f680806599ddce33c2c68b0"
            ],
            "markers": "python_version >= '2.7' and python_version not in '3.0, 3.1, 3.2, 3.3, 3.4, 3.5'",
            "version": "==5.4.1"
        },
        "regex": {
            "hashes": [
                "sha256:04f6b9749e335bb0d2f68c707f23bb1773c3fb6ecd10edf0f04df12a8920d468",
                "sha256:08d74bfaa4c7731b8dac0a992c63673a2782758f7cfad34cf9c1b9184f911354",
                "sha256:0fc1f8f06977c2d4f5e3d3f0d4a08089be783973fc6b6e278bde01f0544ff308",
                "sha256:121f4b3185feaade3f85f70294aef3f777199e9b5c0c0245c774ae884b110a2d",
                "sha256:1413b5022ed6ac0d504ba425ef02549a57d0f4276de58e3ab7e82437892704fc",
                "sha256:1743345e30917e8c574f273f51679c294effba6ad372db1967852f12c76759d8",
                "sha256:28fc475f560d8f67cc8767b94db4c9440210f6958495aeae70fac8faec631797",
                "sha256:31a99a4796bf5aefc8351e98507b09e1b09115574f7c9dbb9cf2111f7220d2e2",
                "sha256:328a1fad67445550b982caa2a2a850da5989fd6595e858f02d04636e7f8b0b13",
                "sha256:473858730ef6d6ff7f7d5f19452184cd0caa062a20047f6d6f3e135a4648865d",
                "sha256:4cde065ab33bcaab774d84096fae266d9301d1a2f5519d7bd58fc55274afbf7a",
                "sha256:5f6a808044faae658f546dd5f525e921de9fa409de7a5570865467f03a626fc0",
                "sha256:610b690b406653c84b7cb6091facb3033500ee81089867ee7d59e675f9ca2b73",
                "sha256:66256b6391c057305e5ae9209941ef63c33a476b73772ca967d4a2df70520ec1",
                "sha256:6eebf512aa90751d5ef6a7c2ac9d60113f32e86e5687326a50d7686e309f66ed",
                "sha256:79aef6b5cd41feff359acaf98e040844613ff5298d0d19c455b3d9ae0bc8c35a",
                "sha256:808ee5834e06f57978da3e003ad9d6292de69d2bf6263662a1a8ae30788e080b",
                "sha256:8e44769068d33e0ea6ccdf4b84d80c5afffe5207aa4d1881a629cf0ef3ec398f",
                "sha256:999ad08220467b6ad4bd3dd34e65329dd5d0df9b31e47106105e407954965256",
                "sha256:9b006628fe43aa69259ec04ca258d88ed19b64791693df59c422b607b6ece8bb",
                "sha256:9d05ad5367c90814099000442b2125535e9d77581855b9bee8780f1b41f2b1a2",
                "sha256:a577a21de2ef8059b58f79ff76a4da81c45a75fe0bfb09bc8b7bb4293fa18983",
                "sha256:a617593aeacc7a691cc4af4a4410031654f2909053bd8c8e7db837f179a630eb",
                "sha256:abb48494d88e8a82601af905143e0de838c776c1241d92021e9256d5515b3645",
                "sha256:ac88856a8cbccfc14f1b2d0b829af354cc1743cb375e7f04251ae73b2af6adf8",
                "sha256:b4c220a1fe0d2c622493b0a1fd48f8f991998fb447d3cd368033a4b86cf1127a",
                "sha256:b844fb09bd9936ed158ff9df0ab601e2045b316b17aa8b931857365ea8586906",
                "sha256:bdc178caebd0f338d57ae445ef8e9b737ddf8fbc3ea187603f65aec5b041248f",
                "sha256:c206587c83e795d417ed3adc8453a791f6d36b67c81416676cad053b4104152c",
                "sha256:c61dcc1cf9fd165127a2853e2c31eb4fb961a4f26b394ac9fe5669c7a6592892",
                "sha256:c7cb4c512d2d3b0870e00fbbac2f291d4b4bf2634d59a31176a87afe2777c6f0",
                "sha256:d4a332404baa6665b54e5d283b4262f41f2103c255897084ec8f5487ce7b9e8e",
                "sha256:d5111d4c843d80202e62b4fdbb4920db1dcee4f9366d6b03294f45ed7b18b42e",
                "sha256:e1e8406b895aba6caa63d9fd1b6b1700d7e4825f78ccb1e5260551d168db38ed",
                "sha256:e8690ed94481f219a7a967c118abaf71ccc440f69acd583cab721b90eeedb77c",
                "sha256:ed283ab3a01d8b53de3a05bfdf4473ae24e43caee7dcb5584e86f3f3e5ab4374",
                "sha256:ed4b50355b066796dacdd1cf538f2ce57275d001838f9b132fab80b75e8c84dd",
                "sha256:ee329d0387b5b41a5dddbb6243a21cb7896587a651bebb957e2d2bb8b63c0791",
                "sha256:f3bf1bc02bc421047bfec3343729c4bbbea42605bcfd6d6bfe2c07ade8b12d2a",
                "sha256:f585cbbeecb35f35609edccb95efd95a3e35824cd7752b586503f7e6087303f1",
                "sha256:f60667673ff9c249709160529ab39667d1ae9fd38634e006bec95611f632e759"
            ],
            "version": "==2021.8.28"
        },
        "six": {
            "hashes": [
                "sha256:1e61c37477a1626458e36f7b1d82aa5c9b094fa4802892072e49de9c60c4c926",
                "sha256:8abb2f1d86890a2dfb989f9a77cfcfd3e47c2a354b01111771326f8aa26e0254"
            ],
            "markers": "python_version >= '2.7' and python_version not in '3.0, 3.1, 3.2'",
            "version": "==1.16.0"
        },
        "toml": {
            "hashes": [
                "sha256:806143ae5bfb6a3c6e736a764057db0e6a0e05e338b5630894a5f779cabb4f9b",
                "sha256:b3bda1d108d5dd99f4a20d24d9c348e91c4db7ab1b749200bded2f839ccbe68f"
            ],
            "markers": "python_version >= '2.6' and python_version not in '3.0, 3.1, 3.2'",
            "version": "==0.10.2"
        },
        "typed-ast": {
            "hashes": [
                "sha256:01ae5f73431d21eead5015997ab41afa53aa1fbe252f9da060be5dad2c730ace",
                "sha256:067a74454df670dcaa4e59349a2e5c81e567d8d65458d480a5b3dfecec08c5ff",
                "sha256:0fb71b8c643187d7492c1f8352f2c15b4c4af3f6338f21681d3681b3dc31a266",
                "sha256:1b3ead4a96c9101bef08f9f7d1217c096f31667617b58de957f690c92378b528",
                "sha256:2068531575a125b87a41802130fa7e29f26c09a2833fea68d9a40cf33902eba6",
                "sha256:209596a4ec71d990d71d5e0d312ac935d86930e6eecff6ccc7007fe54d703808",
                "sha256:2c726c276d09fc5c414693a2de063f521052d9ea7c240ce553316f70656c84d4",
                "sha256:398e44cd480f4d2b7ee8d98385ca104e35c81525dd98c519acff1b79bdaac363",
                "sha256:52b1eb8c83f178ab787f3a4283f68258525f8d70f778a2f6dd54d3b5e5fb4341",
                "sha256:5feca99c17af94057417d744607b82dd0a664fd5e4ca98061480fd8b14b18d04",
                "sha256:7538e495704e2ccda9b234b82423a4038f324f3a10c43bc088a1636180f11a41",
                "sha256:760ad187b1041a154f0e4d0f6aae3e40fdb51d6de16e5c99aedadd9246450e9e",
                "sha256:777a26c84bea6cd934422ac2e3b78863a37017618b6e5c08f92ef69853e765d3",
                "sha256:95431a26309a21874005845c21118c83991c63ea800dd44843e42a916aec5899",
                "sha256:9ad2c92ec681e02baf81fdfa056fe0d818645efa9af1f1cd5fd6f1bd2bdfd805",
                "sha256:9c6d1a54552b5330bc657b7ef0eae25d00ba7ffe85d9ea8ae6540d2197a3788c",
                "sha256:aee0c1256be6c07bd3e1263ff920c325b59849dc95392a05f258bb9b259cf39c",
                "sha256:af3d4a73793725138d6b334d9d247ce7e5f084d96284ed23f22ee626a7b88e39",
                "sha256:b36b4f3920103a25e1d5d024d155c504080959582b928e91cb608a65c3a49e1a",
                "sha256:b9574c6f03f685070d859e75c7f9eeca02d6933273b5e69572e5ff9d5e3931c3",
                "sha256:bff6ad71c81b3bba8fa35f0f1921fb24ff4476235a6e94a26ada2e54370e6da7",
                "sha256:c190f0899e9f9f8b6b7863debfb739abcb21a5c054f911ca3596d12b8a4c4c7f",
                "sha256:c907f561b1e83e93fad565bac5ba9c22d96a54e7ea0267c708bffe863cbe4075",
                "sha256:cae53c389825d3b46fb37538441f75d6aecc4174f615d048321b716df2757fb0",
                "sha256:dd4a21253f42b8d2b48410cb31fe501d32f8b9fbeb1f55063ad102fe9c425e40",
                "sha256:dde816ca9dac1d9c01dd504ea5967821606f02e510438120091b84e852367428",
                "sha256:f2362f3cb0f3172c42938946dbc5b7843c2a28aec307c49100c8b38764eb6927",
                "sha256:f328adcfebed9f11301eaedfa48e15bdece9b519fb27e6a8c01aa52a17ec31b3",
                "sha256:f8afcf15cc511ada719a88e013cec87c11aff7b91f019295eb4530f96fe5ef2f",
                "sha256:fb1bbeac803adea29cedd70781399c99138358c26d05fcbd23c13016b7f5ec65"
            ],
            "version": "==1.4.3"
        },
        "typing-extensions": {
            "hashes": [
                "sha256:49f75d16ff11f1cd258e1b988ccff82a3ca5570217d7ad8c5f48205dd99a677e",
                "sha256:d8226d10bc02a29bcc81df19a26e56a9647f8b0a6d4a83924139f4a8b01f17b7",
                "sha256:f1d25edafde516b146ecd0613dabcc61409817af4766fbbcfb8d1ad4ec441a34"
            ],
            "markers": "python_version < '3.10'",
            "version": "==3.10.0.2"
        },
        "virtualenv": {
            "hashes": [
                "sha256:4da4ac43888e97de9cf4fdd870f48ed864bbfd133d2c46cbdec941fed4a25aef",
                "sha256:a4b987ec31c3c9996cf1bc865332f967fe4a0512c41b39652d6224f696e69da5"
            ],
            "markers": "python_version >= '2.7' and python_version not in '3.0, 3.1, 3.2, 3.3, 3.4'",
            "version": "==20.8.0"
        }
    }
}
